
Microsoft Visual Studio Solution File, Format Version 12.00
# Visual Studio Version 16
VisualStudioVersion = 16.0.30225.117
MinimumVisualStudioVersion = 10.0.40219.1
Project("{FAE04EC0-301F-11D3-BF4B-00C04F79EFBC}") = "CleanArch.Models", "CleanArch.Models\CleanArch.Models.csproj", "{628F585E-F16A-48A9-B493-E365005F7DEE}"
EndProject
Global
	GlobalSection(SolutionConfigurationPlatforms) = preSolution
		Debug|Any CPU = Debug|Any CPU
		Release|Any CPU = Release|Any CPU
	EndGlobalSection
	GlobalSection(ProjectConfigurationPlatforms) = postSolution
		{628F585E-F16A-48A9-B493-E365005F7DEE}.Debug|Any CPU.ActiveCfg = Debug|Any CPU
		{628F585E-F16A-48A9-B493-E365005F7DEE}.Debug|Any CPU.Build.0 = Debug|Any CPU
		{628F585E-F16A-48A9-B493-E365005F7DEE}.Release|Any CPU.ActiveCfg = Release|Any CPU
		{628F585E-F16A-48A9-B493-E365005F7DEE}.Release|Any CPU.Build.0 = Release|Any CPU
	EndGlobalSection
	GlobalSection(SolutionProperties) = preSolution
		HideSolutionNode = FALSE
	EndGlobalSection
	GlobalSection(ExtensibilityGlobals) = postSolution
		SolutionGuid = {9BDF8EDE-70B2-4E99-8268-5D2AFA08A51B}
	EndGlobalSection
EndGlobal
